
Microsoft Visual Studio Solution File, Format Version 12.00
# Visual Studio Version 18
VisualStudioVersion = 18.4.11626.88
MinimumVisualStudioVersion = 10.0.40219.1
Project("{8BC9CEB8-8B4A-11D0-8D11-00A0C91BC942}") = "Lesson1", "Lesson1\Lesson1.vcxproj", "{30DDC31D-8735-45D6-A317-B7BF8482B291}"
EndProject
Project("{8BC9CEB8-8B4A-11D0-8D11-00A0C91BC942}") = "Lesson11", "Lesson11\Lesson11.vcxproj", "{E7FF4E22-FC1D-4B27-BEDF-F31E45525465}"
EndProject
Project("{8BC9CEB8-8B4A-11D0-8D11-00A0C91BC942}") = "Lesson2", "Lesson2\Lesson2.vcxproj", "{7CA1BED9-01C2-48F9-87E4-DDA71E6122C8}"
EndProject
Project("{8BC9CEB8-8B4A-11D0-8D11-00A0C91BC942}") = "Lang1", "Lang1\Lang1.vcxproj", "{6F8408CB-2E56-42F4-BDED-F91B338A1574}"
EndProject
Project("{8BC9CEB8-8B4A-11D0-8D11-00A0C91BC942}") = "Lang2", "Lang2\Lang2.vcxproj", "{98F5E15C-60F7-43E1-9E1D-97D94358D9D2}"
EndProject
Project("{8BC9CEB8-8B4A-11D0-8D11-00A0C91BC942}") = "TestInt", "TestInt\TestInt.vcxproj", "{BFDBD2F5-AF64-42C7-B669-247D99C3AFA2}"
EndProject
Global
	GlobalSection(SolutionConfigurationPlatforms) = preSolution
		Debug|Any CPU = Debug|Any CPU
		Debug|x64 = Debug|x64
		Debug|x86 = Debug|x86
		Release|Any CPU = Release|Any CPU
		Release|x64 = Release|x64
		Release|x86 = Release|x86
	EndGlobalSection
	GlobalSection(ProjectConfigurationPlatforms) = postSolution
		{30DDC31D-8735-45D6-A317-B7BF8482B291}.Debug|Any CPU.ActiveCfg = Debug|x64
		{30DDC31D-8735-45D6-A317-B7BF8482B291}.Debug|Any CPU.Build.0 = Debug|x64
		{30DDC31D-8735-45D6-A317-B7BF8482B291}.Debug|x64.ActiveCfg = Debug|x64
		{30DDC31D-8735-45D6-A317-B7BF8482B291}.Debug|x64.Build.0 = Debug|x64
		{30DDC31D-8735-45D6-A317-B7BF8482B291}.Debug|x86.ActiveCfg = Debug|Win32
		{30DDC31D-8735-45D6-A317-B7BF8482B291}.Debug|x86.Build.0 = Debug|Win32
		{30DDC31D-8735-45D6-A317-B7BF8482B291}.Release|Any CPU.ActiveCfg = Release|x64
		{30DDC31D-8735-45D6-A317-B7BF8482B291}.Release|Any CPU.Build.0 = Release|x64
		{30DDC31D-8735-45D6-A317-B7BF8482B291}.Release|x64.ActiveCfg = Release|x64
		{30DDC31D-8735-45D6-A317-B7BF8482B291}.Release|x64.Build.0 = Release|x64
		{30DDC31D-8735-45D6-A317-B7BF8482B291}.Release|x86.ActiveCfg = Release|Win32
		{30DDC31D-8735-45D6-A317-B7BF8482B291}.Release|x86.Build.0 = Release|Win32
		{E7FF4E22-FC1D-4B27-BEDF-F31E45525465}.Debug|Any CPU.ActiveCfg = Debug|x64
		{E7FF4E22-FC1D-4B27-BEDF-F31E45525465}.Debug|Any CPU.Build.0 = Debug|x64
		{E7FF4E22-FC1D-4B27-BEDF-F31E45525465}.Debug|x64.ActiveCfg = Debug|x64
		{E7FF4E22-FC1D-4B27-BEDF-F31E45525465}.Debug|x64.Build.0 = Debug|x64
		{E7FF4E22-FC1D-4B27-BEDF-F31E45525465}.Debug|x86.ActiveCfg = Debug|Win32
		{E7FF4E22-FC1D-4B27-BEDF-F31E45525465}.Debug|x86.Build.0 = Debug|Win32
		{E7FF4E22-FC1D-4B27-BEDF-F31E45525465}.Release|Any CPU.ActiveCfg = Release|x64
		{E7FF4E22-FC1D-4B27-BEDF-F31E45525465}.Release|Any CPU.Build.0 = Release|x64
		{E7FF4E22-FC1D-4B27-BEDF-F31E45525465}.Release|x64.ActiveCfg = Release|x64
		{E7FF4E22-FC1D-4B27-BEDF-F31E45525465}.Release|x64.Build.0 = Release|x64
		{E7FF4E22-FC1D-4B27-BEDF-F31E45525465}.Release|x86.ActiveCfg = Release|Win32
		{E7FF4E22-FC1D-4B27-BEDF-F31E45525465}.Release|x86.Build.0 = Release|Win32
		{7CA1BED9-01C2-48F9-87E4-DDA71E6122C8}.Debug|Any CPU.ActiveCfg = Debug|x64
		{7CA1BED9-01C2-48F9-87E4-DDA71E6122C8}.Debug|Any CPU.Build.0 = Debug|x64
		{7CA1BED9-01C2-48F9-87E4-DDA71E6122C8}.Debug|x64.ActiveCfg = Debug|x64
		{7CA1BED9-01C2-48F9-87E4-DDA71E6122C8}.Debug|x64.Build.0 = Debug|x64
		{7CA1BED9-01C2-48F9-87E4-DDA71E6122C8}.Debug|x86.ActiveCfg = Debug|Win32
		{7CA1BED9-01C2-48F9-87E4-DDA71E6122C8}.Debug|x86.Build.0 = Debug|Win32
		{7CA1BED9-01C2-48F9-87E4-DDA71E6122C8}.Release|Any CPU.ActiveCfg = Release|x64
		{7CA1BED9-01C2-48F9-87E4-DDA71E6122C8}.Release|Any CPU.Build.0 = Release|x64
		{7CA1BED9-01C2-48F9-87E4-DDA71E6122C8}.Release|x64.ActiveCfg = Release|x64
		{7CA1BED9-01C2-48F9-87E4-DDA71E6122C8}.Release|x64.Build.0 = Release|x64
		{7CA1BED9-01C2-48F9-87E4-DDA71E6122C8}.Release|x86.ActiveCfg = Release|Win32
		{7CA1BED9-01C2-48F9-87E4-DDA71E6122C8}.Release|x86.Build.0 = Release|Win32
		{6F8408CB-2E56-42F4-BDED-F91B338A1574}.Debug|Any CPU.ActiveCfg = Debug|x64
		{6F8408CB-2E56-42F4-BDED-F91B338A1574}.Debug|Any CPU.Build.0 = Debug|x64
		{6F8408CB-2E56-42F4-BDED-F91B338A1574}.Debug|x64.ActiveCfg = Debug|x64
		{6F8408CB-2E56-42F4-BDED-F91B338A1574}.Debug|x64.Build.0 = Debug|x64
		{6F8408CB-2E56-42F4-BDED-F91B338A1574}.Debug|x86.ActiveCfg = Debug|Win32
		{6F8408CB-2E56-42F4-BDED-F91B338A1574}.Debug|x86.Build.0 = Debug|Win32
		{6F8408CB-2E56-42F4-BDED-F91B338A1574}.Release|Any CPU.ActiveCfg = Release|x64
		{6F8408CB-2E56-42F4-BDED-F91B338A1574}.Release|Any CPU.Build.0 = Release|x64
		{6F8408CB-2E56-42F4-BDED-F91B338A1574}.Release|x64.ActiveCfg = Release|x64
		{6F8408CB-2E56-42F4-BDED-F91B338A1574}.Release|x64.Build.0 = Release|x64
		{6F8408CB-2E56-42F4-BDED-F91B338A1574}.Release|x86.ActiveCfg = Release|Win32
		{6F8408CB-2E56-42F4-BDED-F91B338A1574}.Release|x86.Build.0 = Release|Win32
		{98F5E15C-60F7-43E1-9E1D-97D94358D9D2}.Debug|Any CPU.ActiveCfg = Debug|x64
		{98F5E15C-60F7-43E1-9E1D-97D94358D9D2}.Debug|Any CPU.Build.0 = Debug|x64
		{98F5E15C-60F7-43E1-9E1D-97D94358D9D2}.Debug|x64.ActiveCfg = Debug|x64
		{98F5E15C-60F7-43E1-9E1D-97D94358D9D2}.Debug|x64.Build.0 = Debug|x64
		{98F5E15C-60F7-43E1-9E1D-97D94358D9D2}.Debug|x86.ActiveCfg = Debug|Win32
		{98F5E15C-60F7-43E1-9E1D-97D94358D9D2}.Debug|x86.Build.0 = Debug|Win32
		{98F5E15C-60F7-43E1-9E1D-97D94358D9D2}.Release|Any CPU.ActiveCfg = Release|x64
		{98F5E15C-60F7-43E1-9E1D-97D94358D9D2}.Release|Any CPU.Build.0 = Release|x64
		{98F5E15C-60F7-43E1-9E1D-97D94358D9D2}.Release|x64.ActiveCfg = Release|x64
		{98F5E15C-60F7-43E1-9E1D-97D94358D9D2}.Release|x64.Build.0 = Release|x64
		{98F5E15C-60F7-43E1-9E1D-97D94358D9D2}.Release|x86.ActiveCfg = Release|Win32
		{98F5E15C-60F7-43E1-9E1D-97D94358D9D2}.Release|x86.Build.0 = Release|Win32
		{BFDBD2F5-AF64-42C7-B669-247D99C3AFA2}.Debug|Any CPU.ActiveCfg = Debug|x64
		{BFDBD2F5-AF64-42C7-B669-247D99C3AFA2}.Debug|Any CPU.Build.0 = Debug|x64
		{BFDBD2F5-AF64-42C7-B669-247D99C3AFA2}.Debug|x64.ActiveCfg = Debug|x64
		{BFDBD2F5-AF64-42C7-B669-247D99C3AFA2}.Debug|x64.Build.0 = Debug|x64
		{BFDBD2F5-AF64-42C7-B669-247D99C3AFA2}.Debug|x86.ActiveCfg = Debug|Win32
		{BFDBD2F5-AF64-42C7-B669-247D99C3AFA2}.Debug|x86.Build.0 = Debug|Win32
		{BFDBD2F5-AF64-42C7-B669-247D99C3AFA2}.Release|Any CPU.ActiveCfg = Release|x64
		{BFDBD2F5-AF64-42C7-B669-247D99C3AFA2}.Release|Any CPU.Build.0 = Release|x64
		{BFDBD2F5-AF64-42C7-B669-247D99C3AFA2}.Release|x64.ActiveCfg = Release|x64
		{BFDBD2F5-AF64-42C7-B669-247D99C3AFA2}.Release|x64.Build.0 = Release|x64
		{BFDBD2F5-AF64-42C7-B669-247D99C3AFA2}.Release|x86.ActiveCfg = Release|Win32
		{BFDBD2F5-AF64-42C7-B669-247D99C3AFA2}.Release|x86.Build.0 = Release|Win32
	EndGlobalSection
	GlobalSection(SolutionProperties) = preSolution
		HideSolutionNode = FALSE
	EndGlobalSection
	GlobalSection(ExtensibilityGlobals) = postSolution
		SolutionGuid = {8F9923B2-EB40-4A87-9806-6C1D91996C9F}
	EndGlobalSection
EndGlobal
